
Microsoft Visual Studio Solution File, Format Version 12.00
# Visual Studio Version 17
VisualStudioVersion = 17.5.33424.131
MinimumVisualStudioVersion = 10.0.40219.1
Project("{9A19103F-16F7-4668-BE54-9A1E7A4F7556}") = "Domain", "Domain\Domain.csproj", "{B840B289-7D98-4CF6-BD9C-BF3E87051C26}"
EndProject
Project("{9A19103F-16F7-4668-BE54-9A1E7A4F7556}") = "Application", "Application\Application.csproj", "{9D1B6979-DF8E-4EF9-8C38-8196B1819125}"
EndProject
Project("{9A19103F-16F7-4668-BE54-9A1E7A4F7556}") = "Infrastructure", "infrastructure\Infrastructure.csproj", "{E6E0617D-D918-442D-8E6E-7AFF7920AE7B}"
EndProject
Project("{9A19103F-16F7-4668-BE54-9A1E7A4F7556}") = "FrontApi", "FrontApi\FrontApi.csproj", "{BCE9F5BA-86A7-4810-AC99-BEF5BB8FC1FA}"
EndProject
Project("{9A19103F-16F7-4668-BE54-9A1E7A4F7556}") = "Api", "Api\Api.csproj", "{48B2794C-E84B-493E-9F56-A8DBBEF7289A}"
EndProject
Project("{E53339B2-1760-4266-BCC7-CA923CBCF16C}") = "docker-compose", "docker-compose.dcproj", "{85625213-196A-468A-88C9-81F412FEFFDF}"
EndProject
Global
	GlobalSection(SolutionConfigurationPlatforms) = preSolution
		Debug|Any CPU = Debug|Any CPU
		Release|Any CPU = Release|Any CPU
	EndGlobalSection
	GlobalSection(ProjectConfigurationPlatforms) = postSolution
		{B840B289-7D98-4CF6-BD9C-BF3E87051C26}.Debug|Any CPU.ActiveCfg = Debug|Any CPU
		{B840B289-7D98-4CF6-BD9C-BF3E87051C26}.Debug|Any CPU.Build.0 = Debug|Any CPU
		{B840B289-7D98-4CF6-BD9C-BF3E87051C26}.Release|Any CPU.ActiveCfg = Release|Any CPU
		{B840B289-7D98-4CF6-BD9C-BF3E87051C26}.Release|Any CPU.Build.0 = Release|Any CPU
		{9D1B6979-DF8E-4EF9-8C38-8196B1819125}.Debug|Any CPU.ActiveCfg = Debug|Any CPU
		{9D1B6979-DF8E-4EF9-8C38-8196B1819125}.Debug|Any CPU.Build.0 = Debug|Any CPU
		{9D1B6979-DF8E-4EF9-8C38-8196B1819125}.Release|Any CPU.ActiveCfg = Release|Any CPU
		{9D1B6979-DF8E-4EF9-8C38-8196B1819125}.Release|Any CPU.Build.0 = Release|Any CPU
		{E6E0617D-D918-442D-8E6E-7AFF7920AE7B}.Debug|Any CPU.ActiveCfg = Debug|Any CPU
		{E6E0617D-D918-442D-8E6E-7AFF7920AE7B}.Debug|Any CPU.Build.0 = Debug|Any CPU
		{E6E0617D-D918-442D-8E6E-7AFF7920AE7B}.Release|Any CPU.ActiveCfg = Release|Any CPU
		{E6E0617D-D918-442D-8E6E-7AFF7920AE7B}.Release|Any CPU.Build.0 = Release|Any CPU
		{BCE9F5BA-86A7-4810-AC99-BEF5BB8FC1FA}.Debug|Any CPU.ActiveCfg = Debug|Any CPU
		{BCE9F5BA-86A7-4810-AC99-BEF5BB8FC1FA}.Debug|Any CPU.Build.0 = Debug|Any CPU
		{BCE9F5BA-86A7-4810-AC99-BEF5BB8FC1FA}.Release|Any CPU.ActiveCfg = Release|Any CPU
		{BCE9F5BA-86A7-4810-AC99-BEF5BB8FC1FA}.Release|Any CPU.Build.0 = Release|Any CPU
		{48B2794C-E84B-493E-9F56-A8DBBEF7289A}.Debug|Any CPU.ActiveCfg = Debug|Any CPU
		{48B2794C-E84B-493E-9F56-A8DBBEF7289A}.Debug|Any CPU.Build.0 = Debug|Any CPU
		{48B2794C-E84B-493E-9F56-A8DBBEF7289A}.Release|Any CPU.ActiveCfg = Release|Any CPU
		{48B2794C-E84B-493E-9F56-A8DBBEF7289A}.Release|Any CPU.Build.0 = Release|Any CPU
		{85625213-196A-468A-88C9-81F412FEFFDF}.Debug|Any CPU.ActiveCfg = Debug|Any CPU
		{85625213-196A-468A-88C9-81F412FEFFDF}.Debug|Any CPU.Build.0 = Debug|Any CPU
		{85625213-196A-468A-88C9-81F412FEFFDF}.Release|Any CPU.ActiveCfg = Release|Any CPU
		{85625213-196A-468A-88C9-81F412FEFFDF}.Release|Any CPU.Build.0 = Release|Any CPU
	EndGlobalSection
	GlobalSection(SolutionProperties) = preSolution
		HideSolutionNode = FALSE
	EndGlobalSection
	GlobalSection(ExtensibilityGlobals) = postSolution
		SolutionGuid = {2DF3A419-DF0A-419E-8EF2-A9B2FA3D21F9}
	EndGlobalSection
EndGlobal
